// !$*UTF8*$!
{
	archiveVersion = 1;
	classes = {
	};
	objectVersion = 50;
	objects = {

/* Begin PBXBuildFile section */
		7634F36E243959A10072958D /* SQLite.framework in Frameworks */ = {isa = PBXBuildFile; fileRef = 7634F360243959790072958D /* SQLite.framework */; };
		7634F36F243959A10072958D /* SQLite.framework in Embed Frameworks */ = {isa = PBXBuildFile; fileRef = 7634F360243959790072958D /* SQLite.framework */; settings = {ATTRIBUTES = (CodeSignOnCopy, RemoveHeadersOnCopy, ); }; };
		7634F3BA24395CA00072958D /* Contact.swift in Sources */ = {isa = PBXBuildFile; fileRef = 7634F3B924395CA00072958D /* Contact.swift */; };
		7634F3BC24397A4E0072958D /* kevin_DB.swift in Sources */ = {isa = PBXBuildFile; fileRef = 7634F3BB24397A4E0072958D /* kevin_DB.swift */; };
		76534E8123EF86EA00236479 /* AppDelegate.swift in Sources */ = {isa = PBXBuildFile; fileRef = 76534E8023EF86EA00236479 /* AppDelegate.swift */; };
		76534E8323EF86EA00236479 /* SceneDelegate.swift in Sources */ = {isa = PBXBuildFile; fileRef = 76534E8223EF86EA00236479 /* SceneDelegate.swift */; };
		76534E8523EF86EA00236479 /* ViewController.swift in Sources */ = {isa = PBXBuildFile; fileRef = 76534E8423EF86EA00236479 /* ViewController.swift */; };
		76534E8823EF86EA00236479 /* Main.storyboard in Resources */ = {isa = PBXBuildFile; fileRef = 76534E8623EF86EA00236479 /* Main.storyboard */; };
		76534E8A23EF86EC00236479 /* Assets.xcassets in Resources */ = {isa = PBXBuildFile; fileRef = 76534E8923EF86EC00236479 /* Assets.xcassets */; };
		76534E8D23EF86EC00236479 /* LaunchScreen.storyboard in Resources */ = {isa = PBXBuildFile; fileRef = 76534E8B23EF86EC00236479 /* LaunchScreen.storyboard */; };
		76534E9823EF86EC00236479 /* Milestone_1_test3Tests.swift in Sources */ = {isa = PBXBuildFile; fileRef = 76534E9723EF86EC00236479 /* Milestone_1_test3Tests.swift */; };
		76534EA323EF86EC00236479 /* Milestone_1_test3UITests.swift in Sources */ = {isa = PBXBuildFile; fileRef = 76534EA223EF86EC00236479 /* Milestone_1_test3UITests.swift */; };
		76534EB123EF871100236479 /* SecondViewController.swift in Sources */ = {isa = PBXBuildFile; fileRef = 76534EB023EF871100236479 /* SecondViewController.swift */; };
		76534EB323EF872500236479 /* ThirdViewController.swift in Sources */ = {isa = PBXBuildFile; fileRef = 76534EB223EF872500236479 /* ThirdViewController.swift */; };
		76534EB523EF873900236479 /* ForthViewController.swift in Sources */ = {isa = PBXBuildFile; fileRef = 76534EB423EF873900236479 /* ForthViewController.swift */; };
		76534EB723EF874F00236479 /* FifthViewController.swift in Sources */ = {isa = PBXBuildFile; fileRef = 76534EB623EF874F00236479 /* FifthViewController.swift */; };
/* End PBXBuildFile section */

/* Begin PBXContainerItemProxy section */
		7634F35F243959790072958D /* PBXContainerItemProxy */ = {
			isa = PBXContainerItemProxy;
			containerPortal = 7634F355243959790072958D /* SQLite.xcodeproj */;
			proxyType = 2;
			remoteGlobalIDString = EE247AD31C3F04ED00AE3E12;
			remoteInfo = "SQLite iOS";
		};
		7634F361243959790072958D /* PBXContainerItemProxy */ = {
			isa = PBXContainerItemProxy;
			containerPortal = 7634F355243959790072958D /* SQLite.xcodeproj */;
			proxyType = 2;
			remoteGlobalIDString = EE247ADD1C3F04ED00AE3E12;
			remoteInfo = "SQLiteTests iOS";
		};
		7634F363243959790072958D /* PBXContainerItemProxy */ = {
			isa = PBXContainerItemProxy;
			containerPortal = 7634F355243959790072958D /* SQLite.xcodeproj */;
			proxyType = 2;
			remoteGlobalIDString = EE247B3C1C3F3ED000AE3E12;
			remoteInfo = "SQLite Mac";
		};
		7634F365243959790072958D /* PBXContainerItemProxy */ = {
			isa = PBXContainerItemProxy;
			containerPortal = 7634F355243959790072958D /* SQLite.xcodeproj */;
			proxyType = 2;
			remoteGlobalIDString = EE247B451C3F3ED000AE3E12;
			remoteInfo = "SQLiteTests Mac";
		};
		7634F367243959790072958D /* PBXContainerItemProxy */ = {
			isa = PBXContainerItemProxy;
			containerPortal = 7634F355243959790072958D /* SQLite.xcodeproj */;
			proxyType = 2;
			remoteGlobalIDString = 03A65E5A1C6BB0F50062603F;
			remoteInfo = "SQLite tvOS";
		};
		7634F369243959790072958D /* PBXContainerItemProxy */ = {
			isa = PBXContainerItemProxy;
			containerPortal = 7634F355243959790072958D /* SQLite.xcodeproj */;
			proxyType = 2;
			remoteGlobalIDString = 03A65E631C6BB0F60062603F;
			remoteInfo = "SQLiteTests tvOS";
		};
		7634F36B243959790072958D /* PBXContainerItemProxy */ = {
			isa = PBXContainerItemProxy;
			containerPortal = 7634F355243959790072958D /* SQLite.xcodeproj */;
			proxyType = 2;
			remoteGlobalIDString = A121AC451CA35C79005A31D1;
			remoteInfo = "SQLite watchOS";
		};
		76534E9423EF86EC00236479 /* PBXContainerItemProxy */ = {
			isa = PBXContainerItemProxy;
			containerPortal = 76534E7523EF86EA00236479 /* Project object */;
			proxyType = 1;
			remoteGlobalIDString = 76534E7C23EF86EA00236479;
			remoteInfo = Milestone_1_test3;
		};
		76534E9F23EF86EC00236479 /* PBXContainerItemProxy */ = {
			isa = PBXContainerItemProxy;
			containerPortal = 76534E7523EF86EA00236479 /* Project object */;
			proxyType = 1;
			remoteGlobalIDString = 76534E7C23EF86EA00236479;
			remoteInfo = Milestone_1_test3;
		};
/* End PBXContainerItemProxy section */

/* Begin PBXCopyFilesBuildPhase section */
		7634F370243959A10072958D /* Embed Frameworks */ = {
			isa = PBXCopyFilesBuildPhase;
			buildActionMask = 2147483647;
			dstPath = "";
			dstSubfolderSpec = 10;
			files = (
				7634F36F243959A10072958D /* SQLite.framework in Embed Frameworks */,
			);
			name = "Embed Frameworks";
			runOnlyForDeploymentPostprocessing = 0;
		};
/* End PBXCopyFilesBuildPhase section */

/* Begin PBXFileReference section */
		7634F355243959790072958D /* SQLite.xcodeproj */ = {isa = PBXFileReference; lastKnownFileType = "wrapper.pb-project"; name = SQLite.xcodeproj; path = "../../../Downloads/SQLite.swift-master/SQLite.xcodeproj"; sourceTree = "<group>"; };
		7634F3B924395CA00072958D /* Contact.swift */ = {isa = PBXFileReference; lastKnownFileType = sourcecode.swift; path = Contact.swift; sourceTree = "<group>"; };
		7634F3BB24397A4E0072958D /* kevin_DB.swift */ = {isa = PBXFileReference; lastKnownFileType = sourcecode.swift; path = kevin_DB.swift; sourceTree = "<group>"; };
		76534E7D23EF86EA00236479 /* Kevin_Chore_App.app */ = {isa = PBXFileReference; explicitFileType = wrapper.application; includeInIndex = 0; path = Kevin_Chore_App.app; sourceTree = BUILT_PRODUCTS_DIR; };
		76534E8023EF86EA00236479 /* AppDelegate.swift */ = {isa = PBXFileReference; lastKnownFileType = sourcecode.swift; path = AppDelegate.swift; sourceTree = "<group>"; };
		76534E8223EF86EA00236479 /* SceneDelegate.swift */ = {isa = PBXFileReference; lastKnownFileType = sourcecode.swift; path = SceneDelegate.swift; sourceTree = "<group>"; };
		76534E8423EF86EA00236479 /* ViewController.swift */ = {isa = PBXFileReference; lastKnownFileType = sourcecode.swift; path = ViewController.swift; sourceTree = "<group>"; };
		76534E8723EF86EA00236479 /* Base */ = {isa = PBXFileReference; lastKnownFileType = file.storyboard; name = Base; path = Base.lproj/Main.storyboard; sourceTree = "<group>"; };
		76534E8923EF86EC00236479 /* Assets.xcassets */ = {isa = PBXFileReference; lastKnownFileType = folder.assetcatalog; path = Assets.xcassets; sourceTree = "<group>"; };
		76534E8C23EF86EC00236479 /* Base */ = {isa = PBXFileReference; lastKnownFileType = file.storyboard; name = Base; path = Base.lproj/LaunchScreen.storyboard; sourceTree = "<group>"; };
		76534E8E23EF86EC00236479 /* Info.plist */ = {isa = PBXFileReference; lastKnownFileType = text.plist.xml; path = Info.plist; sourceTree = "<group>"; };
		76534E9323EF86EC00236479 /* Kevin_Chore_AppTests.xctest */ = {isa = PBXFileReference; explicitFileType = wrapper.cfbundle; includeInIndex = 0; path = Kevin_Chore_AppTests.xctest; sourceTree = BUILT_PRODUCTS_DIR; };
		76534E9723EF86EC00236479 /* Milestone_1_test3Tests.swift */ = {isa = PBXFileReference; lastKnownFileType = sourcecode.swift; path = Milestone_1_test3Tests.swift; sourceTree = "<group>"; };
		76534E9923EF86EC00236479 /* Info.plist */ = {isa = PBXFileReference; lastKnownFileType = text.plist.xml; path = Info.plist; sourceTree = "<group>"; };
		76534E9E23EF86EC00236479 /* Kevin_Chore_AppUITests.xctest */ = {isa = PBXFileReference; explicitFileType = wrapper.cfbundle; includeInIndex = 0; path = Kevin_Chore_AppUITests.xctest; sourceTree = BUILT_PRODUCTS_DIR; };
		76534EA223EF86EC00236479 /* Milestone_1_test3UITests.swift */ = {isa = PBXFileReference; lastKnownFileType = sourcecode.swift; path = Milestone_1_test3UITests.swift; sourceTree = "<group>"; };
		76534EA423EF86EC00236479 /* Info.plist */ = {isa = PBXFileReference; lastKnownFileType = text.plist.xml; path = Info.plist; sourceTree = "<group>"; };
		76534EB023EF871100236479 /* SecondViewController.swift */ = {isa = PBXFileReference; lastKnownFileType = sourcecode.swift; path = SecondViewController.swift; sourceTree = "<group>"; };
		76534EB223EF872500236479 /* ThirdViewController.swift */ = {isa = PBXFileReference; lastKnownFileType = sourcecode.swift; path = ThirdViewController.swift; sourceTree = "<group>"; };
		76534EB423EF873900236479 /* ForthViewController.swift */ = {isa = PBXFileReference; lastKnownFileType = sourcecode.swift; path = ForthViewController.swift; sourceTree = "<group>"; };
		76534EB623EF874F00236479 /* FifthViewController.swift */ = {isa = PBXFileReference; lastKnownFileType = sourcecode.swift; path = FifthViewController.swift; sourceTree = "<group>"; };
		76534EB823EF99FC00236479 /* Milestone_1_test3-Bridging-Header.h */ = {isa = PBXFileReference; lastKnownFileType = sourcecode.c.h; path = "Milestone_1_test3-Bridging-Header.h"; sourceTree = "<group>"; };
/* End PBXFileReference section */

/* Begin PBXFrameworksBuildPhase section */
		76534E7A23EF86EA00236479 /* Frameworks */ = {
			isa = PBXFrameworksBuildPhase;
			buildActionMask = 2147483647;
			files = (
				7634F36E243959A10072958D /* SQLite.framework in Frameworks */,
			);
			runOnlyForDeploymentPostprocessing = 0;
		};
		76534E9023EF86EC00236479 /* Frameworks */ = {
			isa = PBXFrameworksBuildPhase;
			buildActionMask = 2147483647;
			files = (
			);
			runOnlyForDeploymentPostprocessing = 0;
		};
		76534E9B23EF86EC00236479 /* Frameworks */ = {
			isa = PBXFrameworksBuildPhase;
			buildActionMask = 2147483647;
			files = (
			);
			runOnlyForDeploymentPostprocessing = 0;
		};
/* End PBXFrameworksBuildPhase section */

/* Begin PBXGroup section */
		7634F356243959790072958D /* Products */ = {
			isa = PBXGroup;
			children = (
				7634F360243959790072958D /* SQLite.framework */,
				7634F362243959790072958D /* SQLiteTests iOS.xctest */,
				7634F364243959790072958D /* SQLite.framework */,
				7634F366243959790072958D /* SQLiteTests Mac.xctest */,
				7634F368243959790072958D /* SQLite.framework */,
				7634F36A243959790072958D /* SQLiteTests tvOS.xctest */,
				7634F36C243959790072958D /* SQLite.framework */,
			);
			name = Products;
			sourceTree = "<group>";
		};
		7634F36D243959A10072958D /* Frameworks */ = {
			isa = PBXGroup;
			children = (
			);
			name = Frameworks;
			sourceTree = "<group>";
		};
		76534E7423EF86EA00236479 = {
			isa = PBXGroup;
			children = (
				76534E7F23EF86EA00236479 /* Milestone_1_test3 */,
				76534E9623EF86EC00236479 /* Milestone_1_test3Tests */,
				76534EA123EF86EC00236479 /* Milestone_1_test3UITests */,
				76534E7E23EF86EA00236479 /* Products */,
				7634F355243959790072958D /* SQLite.xcodeproj */,
				7634F36D243959A10072958D /* Frameworks */,
			);
			sourceTree = "<group>";
		};
		76534E7E23EF86EA00236479 /* Products */ = {
			isa = PBXGroup;
			children = (
				76534E7D23EF86EA00236479 /* Kevin_Chore_App.app */,
				76534E9323EF86EC00236479 /* Kevin_Chore_AppTests.xctest */,
				76534E9E23EF86EC00236479 /* Kevin_Chore_AppUITests.xctest */,
			);
			name = Products;
			sourceTree = "<group>";
		};
		76534E7F23EF86EA00236479 /* Milestone_1_test3 */ = {
			isa = PBXGroup;
			children = (
				76534E8023EF86EA00236479 /* AppDelegate.swift */,
				76534E8223EF86EA00236479 /* SceneDelegate.swift */,
				76534E8423EF86EA00236479 /* ViewController.swift */,
				76534EB023EF871100236479 /* SecondViewController.swift */,
				7634F3B924395CA00072958D /* Contact.swift */,
				76534EB223EF872500236479 /* ThirdViewController.swift */,
				76534EB423EF873900236479 /* ForthViewController.swift */,
				76534EB623EF874F00236479 /* FifthViewController.swift */,
				76534E8623EF86EA00236479 /* Main.storyboard */,
				7634F3BB24397A4E0072958D /* kevin_DB.swift */,
				76534E8923EF86EC00236479 /* Assets.xcassets */,
				76534E8B23EF86EC00236479 /* LaunchScreen.storyboard */,
				76534E8E23EF86EC00236479 /* Info.plist */,
				76534EB823EF99FC00236479 /* Milestone_1_test3-Bridging-Header.h */,
			);
			path = Milestone_1_test3;
			sourceTree = "<group>";
		};
		76534E9623EF86EC00236479 /* Milestone_1_test3Tests */ = {
			isa = PBXGroup;
			children = (
				76534E9723EF86EC00236479 /* Milestone_1_test3Tests.swift */,
				76534E9923EF86EC00236479 /* Info.plist */,
			);
			path = Milestone_1_test3Tests;
			sourceTree = "<group>";
		};
		76534EA123EF86EC00236479 /* Milestone_1_test3UITests */ = {
			isa = PBXGroup;
			children = (
				76534EA223EF86EC00236479 /* Milestone_1_test3UITests.swift */,
				76534EA423EF86EC00236479 /* Info.plist */,
			);
			path = Milestone_1_test3UITests;
			sourceTree = "<group>";
		};
/* End PBXGroup section */

/* Begin PBXNativeTarget section */
		76534E7C23EF86EA00236479 /* Kevin_Chore_App */ = {
			isa = PBXNativeTarget;
			buildConfigurationList = 76534EA723EF86EC00236479 /* Build configuration list for PBXNativeTarget "Kevin_Chore_App" */;
			buildPhases = (
				76534E7923EF86EA00236479 /* Sources */,
				76534E7A23EF86EA00236479 /* Frameworks */,
				76534E7B23EF86EA00236479 /* Resources */,
				7634F370243959A10072958D /* Embed Frameworks */,
			);
			buildRules = (
			);
			dependencies = (
			);
			name = Kevin_Chore_App;
			productName = Milestone_1_test3;
			productReference = 76534E7D23EF86EA00236479 /* Kevin_Chore_App.app */;
			productType = "com.apple.product-type.application";
		};
		76534E9223EF86EC00236479 /* Kevin_Chore_AppTests */ = {
			isa = PBXNativeTarget;
			buildConfigurationList = 76534EAA23EF86EC00236479 /* Build configuration list for PBXNativeTarget "Kevin_Chore_AppTests" */;
			buildPhases = (
				76534E8F23EF86EC00236479 /* Sources */,
				76534E9023EF86EC00236479 /* Frameworks */,
				76534E9123EF86EC00236479 /* Resources */,
			);
			buildRules = (
			);
			dependencies = (
				76534E9523EF86EC00236479 /* PBXTargetDependency */,
			);
			name = Kevin_Chore_AppTests;
			productName = Milestone_1_test3Tests;
			productReference = 76534E9323EF86EC00236479 /* Kevin_Chore_AppTests.xctest */;
			productType = "com.apple.product-type.bundle.unit-test";
		};
		76534E9D23EF86EC00236479 /* Kevin_Chore_AppUITests */ = {
			isa = PBXNativeTarget;
			buildConfigurationList = 76534EAD23EF86EC00236479 /* Build configuration list for PBXNativeTarget "Kevin_Chore_AppUITests" */;
			buildPhases = (
				76534E9A23EF86EC00236479 /* Sources */,
				76534E9B23EF86EC00236479 /* Frameworks */,
				76534E9C23EF86EC00236479 /* Resources */,
			);
			buildRules = (
			);
			dependencies = (
				76534EA023EF86EC00236479 /* PBXTargetDependency */,
			);
			name = Kevin_Chore_AppUITests;
			productName = Milestone_1_test3UITests;
			productReference = 76534E9E23EF86EC00236479 /* Kevin_Chore_AppUITests.xctest */;
			productType = "com.apple.product-type.bundle.ui-testing";
		};
/* End PBXNativeTarget section */

/* Begin PBXProject section */
		76534E7523EF86EA00236479 /* Project object */ = {
			isa = PBXProject;
			attributes = {
				LastSwiftUpdateCheck = 1130;
				LastUpgradeCheck = 1130;
				ORGANIZATIONNAME = "Kevin Gao";
				TargetAttributes = {
					76534E7C23EF86EA00236479 = {
						CreatedOnToolsVersion = 11.3.1;
						LastSwiftMigration = 1130;
					};
					76534E9223EF86EC00236479 = {
						CreatedOnToolsVersion = 11.3.1;
						TestTargetID = 76534E7C23EF86EA00236479;
					};
					76534E9D23EF86EC00236479 = {
						CreatedOnToolsVersion = 11.3.1;
						TestTargetID = 76534E7C23EF86EA00236479;
					};
				};
			};
			buildConfigurationList = 76534E7823EF86EA00236479 /* Build configuration list for PBXProject "Kevin_Chore_App" */;
			compatibilityVersion = "Xcode 9.3";
			developmentRegion = en;
			hasScannedForEncodings = 0;
			knownRegions = (
				en,
				Base,
			);
			mainGroup = 76534E7423EF86EA00236479;
			productRefGroup = 76534E7E23EF86EA00236479 /* Products */;
			projectDirPath = "";
			projectReferences = (
				{
					ProductGroup = 7634F356243959790072958D /* Products */;
					ProjectRef = 7634F355243959790072958D /* SQLite.xcodeproj */;
				},
			);
			projectRoot = "";
			targets = (
				76534E7C23EF86EA00236479 /* Kevin_Chore_App */,
				76534E9223EF86EC00236479 /* Kevin_Chore_AppTests */,
				76534E9D23EF86EC00236479 /* Kevin_Chore_AppUITests */,
			);
		};
/* End PBXProject section */

/* Begin PBXReferenceProxy section */
		7634F360243959790072958D /* SQLite.framework */ = {
			isa = PBXReferenceProxy;
			fileType = wrapper.framework;
			path = SQLite.framework;
			remoteRef = 7634F35F243959790072958D /* PBXContainerItemProxy */;
			sourceTree = BUILT_PRODUCTS_DIR;
		};
		7634F362243959790072958D /* SQLiteTests iOS.xctest */ = {
			isa = PBXReferenceProxy;
			fileType = wrapper.cfbundle;
			path = "SQLiteTests iOS.xctest";
			remoteRef = 7634F361243959790072958D /* PBXContainerItemProxy */;
			sourceTree = BUILT_PRODUCTS_DIR;
		};
		7634F364243959790072958D /* SQLite.framework */ = {
			isa = PBXReferenceProxy;
			fileType = wrapper.framework;
			path = SQLite.framework;
			remoteRef = 7634F363243959790072958D /* PBXContainerItemProxy */;
			sourceTree = BUILT_PRODUCTS_DIR;
		};
		7634F366243959790072958D /* SQLiteTests Mac.xctest */ = {
			isa = PBXReferenceProxy;
			fileType = wrapper.cfbundle;
			path = "SQLiteTests Mac.xctest";
			remoteRef = 7634F365243959790072958D /* PBXContainerItemProxy */;
			sourceTree = BUILT_PRODUCTS_DIR;
		};
		7634F368243959790072958D /* SQLite.framework */ = {
			isa = PBXReferenceProxy;
			fileType = wrapper.framework;
			path = SQLite.framework;
			remoteRef = 7634F367243959790072958D /* PBXContainerItemProxy */;
			sourceTree = BUILT_PRODUCTS_DIR;
		};
		7634F36A243959790072958D /* SQLiteTests tvOS.xctest */ = {
			isa = PBXReferenceProxy;
			fileType = wrapper.cfbundle;
			path = "SQLiteTests tvOS.xctest";
			remoteRef = 7634F369243959790072958D /* PBXContainerItemProxy */;
			sourceTree = BUILT_PRODUCTS_DIR;
		};
		7634F36C243959790072958D /* SQLite.framework */ = {
			isa = PBXReferenceProxy;
			fileType = wrapper.framework;
			path = SQLite.framework;
			remoteRef = 7634F36B243959790072958D /* PBXContainerItemProxy */;
			sourceTree = BUILT_PRODUCTS_DIR;
		};
/* End PBXReferenceProxy section */

/* Begin PBXResourcesBuildPhase section */
		76534E7B23EF86EA00236479 /* Resources */ = {
			isa = PBXResourcesBuildPhase;
			buildActionMask = 2147483647;
			files = (
				76534E8D23EF86EC00236479 /* LaunchScreen.storyboard in Resources */,
				76534E8A23EF86EC00236479 /* Assets.xcassets in Resources */,
				76534E8823EF86EA00236479 /* Main.storyboard in Resources */,
			);
			runOnlyForDeploymentPostprocessing = 0;
		};
		76534E9123EF86EC00236479 /* Resources */ = {
			isa = PBXResourcesBuildPhase;
			buildActionMask = 2147483647;
			files = (
			);
			runOnlyForDeploymentPostprocessing = 0;
		};
		76534E9C23EF86EC00236479 /* Resources */ = {
			isa = PBXResourcesBuildPhase;
			buildActionMask = 2147483647;
			files = (
			);
			runOnlyForDeploymentPostprocessing = 0;
		};
/* End PBXResourcesBuildPhase section */

/* Begin PBXSourcesBuildPhase section */
		76534E7923EF86EA00236479 /* Sources */ = {
			isa = PBXSourcesBuildPhase;
			buildActionMask = 2147483647;
			files = (
				76534EB523EF873900236479 /* ForthViewController.swift in Sources */,
				76534EB123EF871100236479 /* SecondViewController.swift in Sources */,
				7634F3BA24395CA00072958D /* Contact.swift in Sources */,
				76534E8523EF86EA00236479 /* ViewController.swift in Sources */,
				7634F3BC24397A4E0072958D /* kevin_DB.swift in Sources */,
				76534EB323EF872500236479 /* ThirdViewController.swift in Sources */,
				76534E8123EF86EA00236479 /* AppDelegate.swift in Sources */,
				76534E8323EF86EA00236479 /* SceneDelegate.swift in Sources */,
				76534EB723EF874F00236479 /* FifthViewController.swift in Sources */,
			);
			runOnlyForDeploymentPostprocessing = 0;
		};
		76534E8F23EF86EC00236479 /* Sources */ = {
			isa = PBXSourcesBuildPhase;
			buildActionMask = 2147483647;
			files = (
				76534E9823EF86EC00236479 /* Milestone_1_test3Tests.swift in Sources */,
			);
			runOnlyForDeploymentPostprocessing = 0;
		};
		76534E9A23EF86EC00236479 /* Sources */ = {
			isa = PBXSourcesBuildPhase;
			buildActionMask = 2147483647;
			files = (
				76534EA323EF86EC00236479 /* Milestone_1_test3UITests.swift in Sources */,
			);
			runOnlyForDeploymentPostprocessing = 0;
		};
/* End PBXSourcesBuildPhase section */

/* Begin PBXTargetDependency section */
		76534E9523EF86EC00236479 /* PBXTargetDependency */ = {
			isa = PBXTargetDependency;
			target = 76534E7C23EF86EA00236479 /* Kevin_Chore_App */;
			targetProxy = 76534E9423EF86EC00236479 /* PBXContainerItemProxy */;
		};
		76534EA023EF86EC00236479 /* PBXTargetDependency */ = {
			isa = PBXTargetDependency;
			target = 76534E7C23EF86EA00236479 /* Kevin_Chore_App */;
			targetProxy = 76534E9F23EF86EC00236479 /* PBXContainerItemProxy */;
		};
/* End PBXTargetDependency section */

/* Begin PBXVariantGroup section */
		76534E8623EF86EA00236479 /* Main.storyboard */ = {
			isa = PBXVariantGroup;
			children = (
				76534E8723EF86EA00236479 /* Base */,
			);
			name = Main.storyboard;
			sourceTree = "<group>";
		};
		76534E8B23EF86EC00236479 /* LaunchScreen.storyboard */ = {
			isa = PBXVariantGroup;
			children = (
				76534E8C23EF86EC00236479 /* Base */,
			);
			name = LaunchScreen.storyboard;
			sourceTree = "<group>";
		};
/* End PBXVariantGroup section */

/* Begin XCBuildConfiguration section */
		76534EA523EF86EC00236479 /* Debug */ = {
			isa = XCBuildConfiguration;
			buildSettings = {
				ALWAYS_SEARCH_USER_PATHS = NO;
				CLANG_ANALYZER_NONNULL = YES;
				CLANG_ANALYZER_NUMBER_OBJECT_CONVERSION = YES_AGGRESSIVE;
				CLANG_CXX_LANGUAGE_STANDARD = "gnu++14";
				CLANG_CXX_LIBRARY = "libc++";
				CLANG_ENABLE_MODULES = YES;
				CLANG_ENABLE_OBJC_ARC = YES;
				CLANG_ENABLE_OBJC_WEAK = YES;
				CLANG_WARN_BLOCK_CAPTURE_AUTORELEASING = YES;
				CLANG_WARN_BOOL_CONVERSION = YES;
				CLANG_WARN_COMMA = YES;
				CLANG_WARN_CONSTANT_CONVERSION = YES;
				CLANG_WARN_DEPRECATED_OBJC_IMPLEMENTATIONS = YES;
				CLANG_WARN_DIRECT_OBJC_ISA_USAGE = YES_ERROR;
				CLANG_WARN_DOCUMENTATION_COMMENTS = YES;
				CLANG_WARN_EMPTY_BODY = YES;
				CLANG_WARN_ENUM_CONVERSION = YES;
				CLANG_WARN_INFINITE_RECURSION = YES;
				CLANG_WARN_INT_CONVERSION = YES;
				CLANG_WARN_NON_LITERAL_NULL_CONVERSION = YES;
				CLANG_WARN_OBJC_IMPLICIT_RETAIN_SELF = YES;
				CLANG_WARN_OBJC_LITERAL_CONVERSION = YES;
				CLANG_WARN_OBJC_ROOT_CLASS = YES_ERROR;
				CLANG_WARN_RANGE_LOOP_ANALYSIS = YES;
				CLANG_WARN_STRICT_PROTOTYPES = YES;
				CLANG_WARN_SUSPICIOUS_MOVE = YES;
				CLANG_WARN_UNGUARDED_AVAILABILITY = YES_AGGRESSIVE;
				CLANG_WARN_UNREACHABLE_CODE = YES;
				CLANG_WARN__DUPLICATE_METHOD_MATCH = YES;
				COPY_PHASE_STRIP = NO;
				DEBUG_INFORMATION_FORMAT = dwarf;
				ENABLE_STRICT_OBJC_MSGSEND = YES;
				ENABLE_TESTABILITY = YES;
				GCC_C_LANGUAGE_STANDARD = gnu11;
				GCC_DYNAMIC_NO_PIC = NO;
				GCC_NO_COMMON_BLOCKS = YES;
				GCC_OPTIMIZATION_LEVEL = 0;
				GCC_PREPROCESSOR_DEFINITIONS = (
					"DEBUG=1",
					"$(inherited)",
				);
				GCC_WARN_64_TO_32_BIT_CONVERSION = YES;
				GCC_WARN_ABOUT_RETURN_TYPE = YES_ERROR;
				GCC_WARN_UNDECLARED_SELECTOR = YES;
				GCC_WARN_UNINITIALIZED_AUTOS = YES_AGGRESSIVE;
				GCC_WARN_UNUSED_FUNCTION = YES;
				GCC_WARN_UNUSED_VARIABLE = YES;
				IPHONEOS_DEPLOYMENT_TARGET = 13.2;
				MTL_ENABLE_DEBUG_INFO = INCLUDE_SOURCE;
				MTL_FAST_MATH = YES;
				ONLY_ACTIVE_ARCH = YES;
				SDKROOT = iphoneos;
				SWIFT_ACTIVE_COMPILATION_CONDITIONS = DEBUG;
				SWIFT_OPTIMIZATION_LEVEL = "-Onone";
			};
			name = Debug;
		};
		76534EA623EF86EC00236479 /* Release */ = {
			isa = XCBuildConfiguration;
			buildSettings = {
				ALWAYS_SEARCH_USER_PATHS = NO;
				CLANG_ANALYZER_NONNULL = YES;
				CLANG_ANALYZER_NUMBER_OBJECT_CONVERSION = YES_AGGRESSIVE;
				CLANG_CXX_LANGUAGE_STANDARD = "gnu++14";
				CLANG_CXX_LIBRARY = "libc++";
				CLANG_ENABLE_MODULES = YES;
				CLANG_ENABLE_OBJC_ARC = YES;
				CLANG_ENABLE_OBJC_WEAK = YES;
				CLANG_WARN_BLOCK_CAPTURE_AUTORELEASING = YES;
				CLANG_WARN_BOOL_CONVERSION = YES;
				CLANG_WARN_COMMA = YES;
				CLANG_WARN_CONSTANT_CONVERSION = YES;
				CLANG_WARN_DEPRECATED_OBJC_IMPLEMENTATIONS = YES;
				CLANG_WARN_DIRECT_OBJC_ISA_USAGE = YES_ERROR;
				CLANG_WARN_DOCUMENTATION_COMMENTS = YES;
				CLANG_WARN_EMPTY_BODY = YES;
				CLANG_WARN_ENUM_CONVERSION = YES;
				CLANG_WARN_INFINITE_RECURSION = YES;
				CLANG_WARN_INT_CONVERSION = YES;
				CLANG_WARN_NON_LITERAL_NULL_CONVERSION = YES;
				CLANG_WARN_OBJC_IMPLICIT_RETAIN_SELF = YES;
				CLANG_WARN_OBJC_LITERAL_CONVERSION = YES;
				CLANG_WARN_OBJC_ROOT_CLASS = YES_ERROR;
				CLANG_WARN_RANGE_LOOP_ANALYSIS = YES;
				CLANG_WARN_STRICT_PROTOTYPES = YES;
				CLANG_WARN_SUSPICIOUS_MOVE = YES;
				CLANG_WARN_UNGUARDED_AVAILABILITY = YES_AGGRESSIVE;
				CLANG_WARN_UNREACHABLE_CODE = YES;
				CLANG_WARN__DUPLICATE_METHOD_MATCH = YES;
				COPY_PHASE_STRIP = NO;
				DEBUG_INFORMATION_FORMAT = "dwarf-with-dsym";
				ENABLE_NS_ASSERTIONS = NO;
				ENABLE_STRICT_OBJC_MSGSEND = YES;
				GCC_C_LANGUAGE_STANDARD = gnu11;
				GCC_NO_COMMON_BLOCKS = YES;
				GCC_WARN_64_TO_32_BIT_CONVERSION = YES;
				GCC_WARN_ABOUT_RETURN_TYPE = YES_ERROR;
				GCC_WARN_UNDECLARED_SELECTOR = YES;
				GCC_WARN_UNINITIALIZED_AUTOS = YES_AGGRESSIVE;
				GCC_WARN_UNUSED_FUNCTION = YES;
				GCC_WARN_UNUSED_VARIABLE = YES;
				IPHONEOS_DEPLOYMENT_TARGET = 13.2;
				MTL_ENABLE_DEBUG_INFO = NO;
				MTL_FAST_MATH = YES;
				SDKROOT = iphoneos;
				SWIFT_COMPILATION_MODE = wholemodule;
				SWIFT_OPTIMIZATION_LEVEL = "-O";
				VALIDATE_PRODUCT = YES;
			};
			name = Release;
		};
		76534EA823EF86EC00236479 /* Debug */ = {
			isa = XCBuildConfiguration;
			buildSettings = {
				ASSETCATALOG_COMPILER_APPICON_NAME = AppIcon;
				CLANG_ENABLE_MODULES = YES;
				CODE_SIGN_STYLE = Automatic;
				INFOPLIST_FILE = Milestone_1_test3/Info.plist;
				LD_RUNPATH_SEARCH_PATHS = (
					"$(inherited)",
					"@executable_path/Frameworks",
				);
				PRODUCT_BUNDLE_IDENTIFIER = "kevingao.Milestone-1-test3";
				PRODUCT_NAME = Kevin_Chore_App;
				SWIFT_OBJC_BRIDGING_HEADER = "Milestone_1_test3/Milestone_1_test3-Bridging-Header.h";
				SWIFT_OPTIMIZATION_LEVEL = "-Onone";
				SWIFT_VERSION = 5.0;
				TARGETED_DEVICE_FAMILY = "1,2";
			};
			name = Debug;
		};
		76534EA923EF86EC00236479 /* Release */ = {
			isa = XCBuildConfiguration;
			buildSettings = {
				ASSETCATALOG_COMPILER_APPICON_NAME = AppIcon;
				CLANG_ENABLE_MODULES = YES;
				CODE_SIGN_STYLE = Automatic;
				INFOPLIST_FILE = Milestone_1_test3/Info.plist;
				LD_RUNPATH_SEARCH_PATHS = (
					"$(inherited)",
					"@executable_path/Frameworks",
				);
				PRODUCT_BUNDLE_IDENTIFIER = "kevingao.Milestone-1-test3";
				PRODUCT_NAME = Kevin_Chore_App;
				SWIFT_OBJC_BRIDGING_HEADER = "Milestone_1_test3/Milestone_1_test3-Bridging-Header.h";
				SWIFT_VERSION = 5.0;
				TARGETED_DEVICE_FAMILY = "1,2";
			};
			name = Release;
		};
		76534EAB23EF86EC00236479 /* Debug */ = {
			isa = XCBuildConfiguration;
			buildSettings = {
				ALWAYS_EMBED_SWIFT_STANDARD_LIBRARIES = YES;
				BUNDLE_LOADER = "$(TEST_HOST)";
				CODE_SIGN_STYLE = Automatic;
				INFOPLIST_FILE = Milestone_1_test3Tests/Info.plist;
				IPHONEOS_DEPLOYMENT_TARGET = 13.2;
				LD_RUNPATH_SEARCH_PATHS = (
					"$(inherited)",
					"@executable_path/Frameworks",
					"@loader_path/Frameworks",
				);
				PRODUCT_BUNDLE_IDENTIFIER = "kevingao.Milestone-1-test3Tests";
				PRODUCT_NAME = "$(TARGET_NAME)";
				SWIFT_VERSION = 5.0;
				TARGETED_DEVICE_FAMILY = "1,2";
				TEST_HOST = "$(BUILT_PRODUCTS_DIR)/Kevin_Chore_App.app/Kevin_Chore_App";
			};
			name = Debug;
		};
		76534EAC23EF86EC00236479 /* Release */ = {
			isa = XCBuildConfiguration;
			buildSettings = {
				ALWAYS_EMBED_SWIFT_STANDARD_LIBRARIES = YES;
				BUNDLE_LOADER = "$(TEST_HOST)";
				CODE_SIGN_STYLE = Automatic;
				INFOPLIST_FILE = Milestone_1_test3Tests/Info.plist;
				IPHONEOS_DEPLOYMENT_TARGET = 13.2;
				LD_RUNPATH_SEARCH_PATHS = (
					"$(inherited)",
					"@executable_path/Frameworks",
					"@loader_path/Frameworks",
				);
				PRODUCT_BUNDLE_IDENTIFIER = "kevingao.Milestone-1-test3Tests";
				PRODUCT_NAME = "$(TARGET_NAME)";
				SWIFT_VERSION = 5.0;
				TARGETED_DEVICE_FAMILY = "1,2";
				TEST_HOST = "$(BUILT_PRODUCTS_DIR)/Kevin_Chore_App.app/Kevin_Chore_App";
			};
			name = Release;
		};
		76534EAE23EF86EC00236479 /* Debug */ = {
			isa = XCBuildConfiguration;
			buildSettings = {
				ALWAYS_EMBED_SWIFT_STANDARD_LIBRARIES = YES;
				CODE_SIGN_STYLE = Automatic;
				INFOPLIST_FILE = Milestone_1_test3UITests/Info.plist;
				LD_RUNPATH_SEARCH_PATHS = (
					"$(inherited)",
					"@executable_path/Frameworks",
					"@loader_path/Frameworks",
				);
				PRODUCT_BUNDLE_IDENTIFIER = "kevingao.Milestone-1-test3UITests";
				PRODUCT_NAME = "$(TARGET_NAME)";
				SWIFT_VERSION = 5.0;
				TARGETED_DEVICE_FAMILY = "1,2";
				TEST_TARGET_NAME = Milestone_1_test3;
			};
			name = Debug;
		};
		76534EAF23EF86EC00236479 /* Release */ = {
			isa = XCBuildConfiguration;
			buildSettings = {
				ALWAYS_EMBED_SWIFT_STANDARD_LIBRARIES = YES;
				CODE_SIGN_STYLE = Automatic;
				INFOPLIST_FILE = Milestone_1_test3UITests/Info.plist;
				LD_RUNPATH_SEARCH_PATHS = (
					"$(inherited)",
					"@executable_path/Frameworks",
					"@loader_path/Frameworks",
				);
				PRODUCT_BUNDLE_IDENTIFIER = "kevingao.Milestone-1-test3UITests";
				PRODUCT_NAME = "$(TARGET_NAME)";
				SWIFT_VERSION = 5.0;
				TARGETED_DEVICE_FAMILY = "1,2";
				TEST_TARGET_NAME = Milestone_1_test3;
			};
			name = Release;
		};
/* End XCBuildConfiguration section */

/* Begin XCConfigurationList section */
		76534E7823EF86EA00236479 /* Build configuration list for PBXProject "Kevin_Chore_App" */ = {
			isa = XCConfigurationList;
			buildConfigurations = (
				76534EA523EF86EC00236479 /* Debug */,
				76534EA623EF86EC00236479 /* Release */,
			);
			defaultConfigurationIsVisible = 0;
			defaultConfigurationName = Release;
		};
		76534EA723EF86EC00236479 /* Build configuration list for PBXNativeTarget "Kevin_Chore_App" */ = {
			isa = XCConfigurationList;
			buildConfigurations = (
				76534EA823EF86EC00236479 /* Debug */,
				76534EA923EF86EC00236479 /* Release */,
			);
			defaultConfigurationIsVisible = 0;
			defaultConfigurationName = Release;
		};
		76534EAA23EF86EC00236479 /* Build configuration list for PBXNativeTarget "Kevin_Chore_AppTests" */ = {
			isa = XCConfigurationList;
			buildConfigurations = (
				76534EAB23EF86EC00236479 /* Debug */,
				76534EAC23EF86EC00236479 /* Release */,
			);
			defaultConfigurationIsVisible = 0;
			defaultConfigurationName = Release;
		};
		76534EAD23EF86EC00236479 /* Build configuration list for PBXNativeTarget "Kevin_Chore_AppUITests" */ = {
			isa = XCConfigurationList;
			buildConfigurations = (
				76534EAE23EF86EC00236479 /* Debug */,
				76534EAF23EF86EC00236479 /* Release */,
			);
			defaultConfigurationIsVisible = 0;
			defaultConfigurationName = Release;
		};
/* End XCConfigurationList section */
	};
	rootObject = 76534E7523EF86EA00236479 /* Project object */;
}
